
Microsoft Visual Studio Solution File, Format Version 12.00
# Visual Studio Version 17
VisualStudioVersion = 17.5.33530.505
MinimumVisualStudioVersion = 10.0.40219.1
Project("{FAE04EC0-301F-11D3-BF4B-00C04F79EFBC}") = "ContactAppAPI", "ContactAppAPI\ContactAppAPI.csproj", "{45EFCAB5-4D9C-4DDE-8AC6-14DD9F0FD215}"
EndProject
Global
	GlobalSection(SolutionConfigurationPlatforms) = preSolution
		Debug|Any CPU = Debug|Any CPU
		Release|Any CPU = Release|Any CPU
	EndGlobalSection
	GlobalSection(ProjectConfigurationPlatforms) = postSolution
		{45EFCAB5-4D9C-4DDE-8AC6-14DD9F0FD215}.Debug|Any CPU.ActiveCfg = Debug|Any CPU
		{45EFCAB5-4D9C-4DDE-8AC6-14DD9F0FD215}.Debug|Any CPU.Build.0 = Debug|Any CPU
		{45EFCAB5-4D9C-4DDE-8AC6-14DD9F0FD215}.Release|Any CPU.ActiveCfg = Release|Any CPU
		{45EFCAB5-4D9C-4DDE-8AC6-14DD9F0FD215}.Release|Any CPU.Build.0 = Release|Any CPU
	EndGlobalSection
	GlobalSection(SolutionProperties) = preSolution
		HideSolutionNode = FALSE
	EndGlobalSection
	GlobalSection(ExtensibilityGlobals) = postSolution
		SolutionGuid = {6A3AA36F-CED7-4B32-B0E3-DEB25C0E072F}
	EndGlobalSection
EndGlobal
